
Microsoft Visual Studio Solution File, Format Version 12.00
# Visual Studio Version 16
VisualStudioVersion = 16.0.29709.97
MinimumVisualStudioVersion = 10.0.40219.1
Project("{9A19103F-16F7-4668-BE54-9A1E7A4F7556}") = "Chess", "Cchess\Chess.csproj", "{4BA872A2-C42A-42B1-828E-2C4DDA608203}"
EndProject
Global
	GlobalSection(SolutionConfigurationPlatforms) = preSolution
		Debug|Any CPU = Debug|Any CPU
		Release|Any CPU = Release|Any CPU
	EndGlobalSection
	GlobalSection(ProjectConfigurationPlatforms) = postSolution
		{4BA872A2-C42A-42B1-828E-2C4DDA608203}.Debug|Any CPU.ActiveCfg = Debug|Any CPU
		{4BA872A2-C42A-42B1-828E-2C4DDA608203}.Debug|Any CPU.Build.0 = Debug|Any CPU
		{4BA872A2-C42A-42B1-828E-2C4DDA608203}.Release|Any CPU.ActiveCfg = Release|Any CPU
		{4BA872A2-C42A-42B1-828E-2C4DDA608203}.Release|Any CPU.Build.0 = Release|Any CPU
	EndGlobalSection
	GlobalSection(SolutionProperties) = preSolution
		HideSolutionNode = FALSE
	EndGlobalSection
	GlobalSection(ExtensibilityGlobals) = postSolution
		SolutionGuid = {DF9FA0C7-6A43-42BC-9E03-9A1DF0EE982E}
	EndGlobalSection
EndGlobal
