
Microsoft Visual Studio Solution File, Format Version 12.00
# Visual Studio Version 16
VisualStudioVersion = 16.0.30128.74
MinimumVisualStudioVersion = 10.0.40219.1
Project("{FAE04EC0-301F-11D3-BF4B-00C04F79EFBC}") = "TelefoniSeznam", "TelefoniSeznam\TelefoniSeznam.csproj", "{77F70F94-FF20-471C-8FAF-A52ED4E372C6}"
EndProject
Global
	GlobalSection(SolutionConfigurationPlatforms) = preSolution
		Debug|Any CPU = Debug|Any CPU
		Release|Any CPU = Release|Any CPU
	EndGlobalSection
	GlobalSection(ProjectConfigurationPlatforms) = postSolution
		{77F70F94-FF20-471C-8FAF-A52ED4E372C6}.Debug|Any CPU.ActiveCfg = Debug|Any CPU
		{77F70F94-FF20-471C-8FAF-A52ED4E372C6}.Debug|Any CPU.Build.0 = Debug|Any CPU
		{77F70F94-FF20-471C-8FAF-A52ED4E372C6}.Release|Any CPU.ActiveCfg = Release|Any CPU
		{77F70F94-FF20-471C-8FAF-A52ED4E372C6}.Release|Any CPU.Build.0 = Release|Any CPU
	EndGlobalSection
	GlobalSection(SolutionProperties) = preSolution
		HideSolutionNode = FALSE
	EndGlobalSection
	GlobalSection(ExtensibilityGlobals) = postSolution
		SolutionGuid = {DE3049BA-46D2-4055-AC0B-D3F1642AC3B4}
	EndGlobalSection
EndGlobal
