
Microsoft Visual Studio Solution File, Format Version 12.00
# Visual Studio Version 16
VisualStudioVersion = 16.0.29519.87
MinimumVisualStudioVersion = 10.0.40219.1
Project("{FAE04EC0-301F-11D3-BF4B-00C04F79EFBC}") = "Csv", "Csv\Csv.csproj", "{308A5868-F341-4C88-B113-57FC66D2472F}"
EndProject
Global
	GlobalSection(SolutionConfigurationPlatforms) = preSolution
		Debug|Any CPU = Debug|Any CPU
		Release|Any CPU = Release|Any CPU
	EndGlobalSection
	GlobalSection(ProjectConfigurationPlatforms) = postSolution
		{308A5868-F341-4C88-B113-57FC66D2472F}.Debug|Any CPU.ActiveCfg = Debug|Any CPU
		{308A5868-F341-4C88-B113-57FC66D2472F}.Debug|Any CPU.Build.0 = Debug|Any CPU
		{308A5868-F341-4C88-B113-57FC66D2472F}.Release|Any CPU.ActiveCfg = Release|Any CPU
		{308A5868-F341-4C88-B113-57FC66D2472F}.Release|Any CPU.Build.0 = Release|Any CPU
	EndGlobalSection
	GlobalSection(SolutionProperties) = preSolution
		HideSolutionNode = FALSE
	EndGlobalSection
	GlobalSection(ExtensibilityGlobals) = postSolution
		SolutionGuid = {6486661E-5F90-4278-9AAE-A5B1EFE84297}
	EndGlobalSection
EndGlobal
