
Microsoft Visual Studio Solution File, Format Version 12.00
# Visual Studio Version 16
VisualStudioVersion = 16.0.30011.22
MinimumVisualStudioVersion = 10.0.40219.1
Project("{FAE04EC0-301F-11D3-BF4B-00C04F79EFBC}") = "SimpleDatabaseAplication", "SimpleDatabaseAplication\SimpleDatabaseAplication.csproj", "{1F05385C-28FD-4C49-9324-225FE528DEB6}"
EndProject
Global
	GlobalSection(SolutionConfigurationPlatforms) = preSolution
		Debug|Any CPU = Debug|Any CPU
		Release|Any CPU = Release|Any CPU
	EndGlobalSection
	GlobalSection(ProjectConfigurationPlatforms) = postSolution
		{1F05385C-28FD-4C49-9324-225FE528DEB6}.Debug|Any CPU.ActiveCfg = Debug|Any CPU
		{1F05385C-28FD-4C49-9324-225FE528DEB6}.Debug|Any CPU.Build.0 = Debug|Any CPU
		{1F05385C-28FD-4C49-9324-225FE528DEB6}.Release|Any CPU.ActiveCfg = Release|Any CPU
		{1F05385C-28FD-4C49-9324-225FE528DEB6}.Release|Any CPU.Build.0 = Release|Any CPU
	EndGlobalSection
	GlobalSection(SolutionProperties) = preSolution
		HideSolutionNode = FALSE
	EndGlobalSection
	GlobalSection(ExtensibilityGlobals) = postSolution
		SolutionGuid = {00BF5258-7C87-4011-AD6F-5D58F7AE5CFD}
	EndGlobalSection
EndGlobal
