
Microsoft Visual Studio Solution File, Format Version 12.00
# Visual Studio Version 16
VisualStudioVersion = 16.0.29324.140
MinimumVisualStudioVersion = 10.0.40219.1
Project("{FAE04EC0-301F-11D3-BF4B-00C04F79EFBC}") = "HracDU", "HracDU\HracDU.csproj", "{7457BA6B-E22F-4299-8954-F2FC48A16795}"
EndProject
Global
	GlobalSection(SolutionConfigurationPlatforms) = preSolution
		Debug|Any CPU = Debug|Any CPU
		Release|Any CPU = Release|Any CPU
	EndGlobalSection
	GlobalSection(ProjectConfigurationPlatforms) = postSolution
		{7457BA6B-E22F-4299-8954-F2FC48A16795}.Debug|Any CPU.ActiveCfg = Debug|Any CPU
		{7457BA6B-E22F-4299-8954-F2FC48A16795}.Debug|Any CPU.Build.0 = Debug|Any CPU
		{7457BA6B-E22F-4299-8954-F2FC48A16795}.Release|Any CPU.ActiveCfg = Release|Any CPU
		{7457BA6B-E22F-4299-8954-F2FC48A16795}.Release|Any CPU.Build.0 = Release|Any CPU
	EndGlobalSection
	GlobalSection(SolutionProperties) = preSolution
		HideSolutionNode = FALSE
	EndGlobalSection
	GlobalSection(ExtensibilityGlobals) = postSolution
		SolutionGuid = {88412FC7-0D6F-4237-B2AD-BE447AE948F6}
	EndGlobalSection
EndGlobal
