
Microsoft Visual Studio Solution File, Format Version 12.00
# Visual Studio Version 16
VisualStudioVersion = 16.0.29709.97
MinimumVisualStudioVersion = 10.0.40219.1
Project("{FAE04EC0-301F-11D3-BF4B-00C04F79EFBC}") = "DatabaseConnection", "DatabaseConnection\DatabaseConnection.csproj", "{9C877397-E87D-4364-8F70-2BDFE3886610}"
EndProject
Global
	GlobalSection(SolutionConfigurationPlatforms) = preSolution
		Debug|Any CPU = Debug|Any CPU
		Release|Any CPU = Release|Any CPU
	EndGlobalSection
	GlobalSection(ProjectConfigurationPlatforms) = postSolution
		{9C877397-E87D-4364-8F70-2BDFE3886610}.Debug|Any CPU.ActiveCfg = Debug|Any CPU
		{9C877397-E87D-4364-8F70-2BDFE3886610}.Debug|Any CPU.Build.0 = Debug|Any CPU
		{9C877397-E87D-4364-8F70-2BDFE3886610}.Release|Any CPU.ActiveCfg = Release|Any CPU
		{9C877397-E87D-4364-8F70-2BDFE3886610}.Release|Any CPU.Build.0 = Release|Any CPU
	EndGlobalSection
	GlobalSection(SolutionProperties) = preSolution
		HideSolutionNode = FALSE
	EndGlobalSection
	GlobalSection(ExtensibilityGlobals) = postSolution
		SolutionGuid = {0AC186BA-7BE5-4034-A3E8-49A48ACC6236}
	EndGlobalSection
EndGlobal
